// !$*UTF8*$!
{
	archiveVersion = 1;
	classes = {
	};
	objectVersion = 56;
	objects = {

/* Begin PBXBuildFile section */
		3426BD1F2A894B5C00FB3B68 /* CameraTokApp.swift in Sources */ = {isa = PBXBuildFile; fileRef = 3426BD1E2A894B5C00FB3B68 /* CameraTokApp.swift */; };
		3426BD212A894B5C00FB3B68 /* ContentView.swift in Sources */ = {isa = PBXBuildFile; fileRef = 3426BD202A894B5C00FB3B68 /* ContentView.swift */; };
		3426BD232A894B5E00FB3B68 /* Assets.xcassets in Resources */ = {isa = PBXBuildFile; fileRef = 3426BD222A894B5E00FB3B68 /* Assets.xcassets */; };
		3426BD262A894B5E00FB3B68 /* Preview Assets.xcassets in Resources */ = {isa = PBXBuildFile; fileRef = 3426BD252A894B5E00FB3B68 /* Preview Assets.xcassets */; };
		3426BD302A894B5E00FB3B68 /* CameraTokTests.swift in Sources */ = {isa = PBXBuildFile; fileRef = 3426BD2F2A894B5E00FB3B68 /* CameraTokTests.swift */; };
		3426BD3A2A894B5E00FB3B68 /* CameraTokUITests.swift in Sources */ = {isa = PBXBuildFile; fileRef = 3426BD392A894B5E00FB3B68 /* CameraTokUITests.swift */; };
/* End PBXBuildFile section */

/* Begin PBXContainerItemProxy section */
		3426BD2C2A894B5E00FB3B68 /* PBXContainerItemProxy */ = {
			isa = PBXContainerItemProxy;
			containerPortal = 3426BD132A894B5C00FB3B68 /* Project object */;
			proxyType = 1;
			remoteGlobalIDString = 3426BD1A2A894B5C00FB3B68;
			remoteInfo = CameraTok;
		};
		3426BD362A894B5E00FB3B68 /* PBXContainerItemProxy */ = {
			isa = PBXContainerItemProxy;
			containerPortal = 3426BD132A894B5C00FB3B68 /* Project object */;
			proxyType = 1;
			remoteGlobalIDString = 3426BD1A2A894B5C00FB3B68;
			remoteInfo = CameraTok;
		};
/* End PBXContainerItemProxy section */

/* Begin PBXFileReference section */
		3426BD1B2A894B5C00FB3B68 /* CameraTok.app */ = {isa = PBXFileReference; explicitFileType = wrapper.application; includeInIndex = 0; path = CameraTok.app; sourceTree = BUILT_PRODUCTS_DIR; };
		3426BD1E2A894B5C00FB3B68 /* CameraTokApp.swift */ = {isa = PBXFileReference; lastKnownFileType = sourcecode.swift; path = CameraTokApp.swift; sourceTree = "<group>"; };
		3426BD202A894B5C00FB3B68 /* ContentView.swift */ = {isa = PBXFileReference; lastKnownFileType = sourcecode.swift; path = ContentView.swift; sourceTree = "<group>"; };
		3426BD222A894B5E00FB3B68 /* Assets.xcassets */ = {isa = PBXFileReference; lastKnownFileType = folder.assetcatalog; path = Assets.xcassets; sourceTree = "<group>"; };
		3426BD252A894B5E00FB3B68 /* Preview Assets.xcassets */ = {isa = PBXFileReference; lastKnownFileType = folder.assetcatalog; path = "Preview Assets.xcassets"; sourceTree = "<group>"; };
		3426BD2B2A894B5E00FB3B68 /* CameraTokTests.xctest */ = {isa = PBXFileReference; explicitFileType = wrapper.cfbundle; includeInIndex = 0; path = CameraTokTests.xctest; sourceTree = BUILT_PRODUCTS_DIR; };
		3426BD2F2A894B5E00FB3B68 /* CameraTokTests.swift */ = {isa = PBXFileReference; lastKnownFileType = sourcecode.swift; path = CameraTokTests.swift; sourceTree = "<group>"; };
		3426BD352A894B5E00FB3B68 /* CameraTokUITests.xctest */ = {isa = PBXFileReference; explicitFileType = wrapper.cfbundle; includeInIndex = 0; path = CameraTokUITests.xctest; sourceTree = BUILT_PRODUCTS_DIR; };
		3426BD392A894B5E00FB3B68 /* CameraTokUITests.swift */ = {isa = PBXFileReference; lastKnownFileType = sourcecode.swift; path = CameraTokUITests.swift; sourceTree = "<group>"; };
/* End PBXFileReference section */

/* Begin PBXFrameworksBuildPhase section */
		3426BD182A894B5C00FB3B68 /* Frameworks */ = {
			isa = PBXFrameworksBuildPhase;
			buildActionMask = 2147483647;
			files = (
			);
			runOnlyForDeploymentPostprocessing = 0;
		};
		3426BD282A894B5E00FB3B68 /* Frameworks */ = {
			isa = PBXFrameworksBuildPhase;
			buildActionMask = 2147483647;
			files = (
			);
			runOnlyForDeploymentPostprocessing = 0;
		};
		3426BD322A894B5E00FB3B68 /* Frameworks */ = {
			isa = PBXFrameworksBuildPhase;
			buildActionMask = 2147483647;
			files = (
			);
			runOnlyForDeploymentPostprocessing = 0;
		};
/* End PBXFrameworksBuildPhase section */

/* Begin PBXGroup section */
		3426BD122A894B5C00FB3B68 = {
			isa = PBXGroup;
			children = (
				3426BD1D2A894B5C00FB3B68 /* CameraTok */,
				3426BD2E2A894B5E00FB3B68 /* CameraTokTests */,
				3426BD382A894B5E00FB3B68 /* CameraTokUITests */,
				3426BD1C2A894B5C00FB3B68 /* Products */,
			);
			sourceTree = "<group>";
		};
		3426BD1C2A894B5C00FB3B68 /* Products */ = {
			isa = PBXGroup;
			children = (
				3426BD1B2A894B5C00FB3B68 /* CameraTok.app */,
				3426BD2B2A894B5E00FB3B68 /* CameraTokTests.xctest */,
				3426BD352A894B5E00FB3B68 /* CameraTokUITests.xctest */,
			);
			name = Products;
			sourceTree = "<group>";
		};
		3426BD1D2A894B5C00FB3B68 /* CameraTok */ = {
			isa = PBXGroup;
			children = (
				3426BD1E2A894B5C00FB3B68 /* CameraTokApp.swift */,
				3426BD202A894B5C00FB3B68 /* ContentView.swift */,
				3426BD222A894B5E00FB3B68 /* Assets.xcassets */,
				3426BD242A894B5E00FB3B68 /* Preview Content */,
			);
			path = CameraTok;
			sourceTree = "<group>";
		};
		3426BD242A894B5E00FB3B68 /* Preview Content */ = {
			isa = PBXGroup;
			children = (
				3426BD252A894B5E00FB3B68 /* Preview Assets.xcassets */,
			);
			path = "Preview Content";
			sourceTree = "<group>";
		};
		3426BD2E2A894B5E00FB3B68 /* CameraTokTests */ = {
			isa = PBXGroup;
			children = (
				3426BD2F2A894B5E00FB3B68 /* CameraTokTests.swift */,
			);
			path = CameraTokTests;
			sourceTree = "<group>";
		};
		3426BD382A894B5E00FB3B68 /* CameraTokUITests */ = {
			isa = PBXGroup;
			children = (
				3426BD392A894B5E00FB3B68 /* CameraTokUITests.swift */,
			);
			path = CameraTokUITests;
			sourceTree = "<group>";
		};
/* End PBXGroup section */

/* Begin PBXNativeTarget section */
		3426BD1A2A894B5C00FB3B68 /* CameraTok */ = {
			isa = PBXNativeTarget;
			buildConfigurationList = 3426BD3F2A894B5E00FB3B68 /* Build configuration list for PBXNativeTarget "CameraTok" */;
			buildPhases = (
				3426BD172A894B5C00FB3B68 /* Sources */,
				3426BD182A894B5C00FB3B68 /* Frameworks */,
				3426BD192A894B5C00FB3B68 /* Resources */,
				3426BD482A894D1700FB3B68 /* SwiftLint */,
			);
			buildRules = (
			);
			dependencies = (
			);
			name = CameraTok;
			productName = CameraTok;
			productReference = 3426BD1B2A894B5C00FB3B68 /* CameraTok.app */;
			productType = "com.apple.product-type.application";
		};
		3426BD2A2A894B5E00FB3B68 /* CameraTokTests */ = {
			isa = PBXNativeTarget;
			buildConfigurationList = 3426BD422A894B5E00FB3B68 /* Build configuration list for PBXNativeTarget "CameraTokTests" */;
			buildPhases = (
				3426BD272A894B5E00FB3B68 /* Sources */,
				3426BD282A894B5E00FB3B68 /* Frameworks */,
				3426BD292A894B5E00FB3B68 /* Resources */,
			);
			buildRules = (
			);
			dependencies = (
				3426BD2D2A894B5E00FB3B68 /* PBXTargetDependency */,
			);
			name = CameraTokTests;
			productName = CameraTokTests;
			productReference = 3426BD2B2A894B5E00FB3B68 /* CameraTokTests.xctest */;
			productType = "com.apple.product-type.bundle.unit-test";
		};
		3426BD342A894B5E00FB3B68 /* CameraTokUITests */ = {
			isa = PBXNativeTarget;
			buildConfigurationList = 3426BD452A894B5E00FB3B68 /* Build configuration list for PBXNativeTarget "CameraTokUITests" */;
			buildPhases = (
				3426BD312A894B5E00FB3B68 /* Sources */,
				3426BD322A894B5E00FB3B68 /* Frameworks */,
				3426BD332A894B5E00FB3B68 /* Resources */,
			);
			buildRules = (
			);
			dependencies = (
				3426BD372A894B5E00FB3B68 /* PBXTargetDependency */,
			);
			name = CameraTokUITests;
			productName = CameraTokUITests;
			productReference = 3426BD352A894B5E00FB3B68 /* CameraTokUITests.xctest */;
			productType = "com.apple.product-type.bundle.ui-testing";
		};
/* End PBXNativeTarget section */

/* Begin PBXProject section */
		3426BD132A894B5C00FB3B68 /* Project object */ = {
			isa = PBXProject;
			attributes = {
				BuildIndependentTargetsInParallel = 1;
				LastSwiftUpdateCheck = 1410;
				LastUpgradeCheck = 1410;
				TargetAttributes = {
					3426BD1A2A894B5C00FB3B68 = {
						CreatedOnToolsVersion = 14.1;
					};
					3426BD2A2A894B5E00FB3B68 = {
						CreatedOnToolsVersion = 14.1;
						TestTargetID = 3426BD1A2A894B5C00FB3B68;
					};
					3426BD342A894B5E00FB3B68 = {
						CreatedOnToolsVersion = 14.1;
						TestTargetID = 3426BD1A2A894B5C00FB3B68;
					};
				};
			};
			buildConfigurationList = 3426BD162A894B5C00FB3B68 /* Build configuration list for PBXProject "CameraTok" */;
			compatibilityVersion = "Xcode 14.0";
			developmentRegion = en;
			hasScannedForEncodings = 0;
			knownRegions = (
				en,
				Base,
			);
			mainGroup = 3426BD122A894B5C00FB3B68;
			productRefGroup = 3426BD1C2A894B5C00FB3B68 /* Products */;
			projectDirPath = "";
			projectRoot = "";
			targets = (
				3426BD1A2A894B5C00FB3B68 /* CameraTok */,
				3426BD2A2A894B5E00FB3B68 /* CameraTokTests */,
				3426BD342A894B5E00FB3B68 /* CameraTokUITests */,
			);
		};
/* End PBXProject section */

/* Begin PBXResourcesBuildPhase section */
		3426BD192A894B5C00FB3B68 /* Resources */ = {
			isa = PBXResourcesBuildPhase;
			buildActionMask = 2147483647;
			files = (
				3426BD262A894B5E00FB3B68 /* Preview Assets.xcassets in Resources */,
				3426BD232A894B5E00FB3B68 /* Assets.xcassets in Resources */,
			);
			runOnlyForDeploymentPostprocessing = 0;
		};
		3426BD292A894B5E00FB3B68 /* Resources */ = {
			isa = PBXResourcesBuildPhase;
			buildActionMask = 2147483647;
			files = (
			);
			runOnlyForDeploymentPostprocessing = 0;
		};
		3426BD332A894B5E00FB3B68 /* Resources */ = {
			isa = PBXResourcesBuildPhase;
			buildActionMask = 2147483647;
			files = (
			);
			runOnlyForDeploymentPostprocessing = 0;
		};
/* End PBXResourcesBuildPhase section */

/* Begin PBXShellScriptBuildPhase section */
		3426BD482A894D1700FB3B68 /* SwiftLint */ = {
			isa = PBXShellScriptBuildPhase;
			buildActionMask = 2147483647;
			files = (
			);
			inputFileListPaths = (
			);
			inputPaths = (
			);
			name = SwiftLint;
			outputFileListPaths = (
			);
			outputPaths = (
			);
			runOnlyForDeploymentPostprocessing = 0;
			shellPath = /bin/sh;
			shellScript = "if [[ \"$(uname -m)\" == arm64 ]]; then\n    export PATH=\"/opt/homebrew/bin:$PATH\"\nfi\n\nif which swiftlint > /dev/null; then\n  swiftlint\nelse\n  echo \"warning: SwiftLint not installed, download from https://github.com/realm/SwiftLint\"\nfi\n";
		};
/* End PBXShellScriptBuildPhase section */

/* Begin PBXSourcesBuildPhase section */
		3426BD172A894B5C00FB3B68 /* Sources */ = {
			isa = PBXSourcesBuildPhase;
			buildActionMask = 2147483647;
			files = (
				3426BD212A894B5C00FB3B68 /* ContentView.swift in Sources */,
				3426BD1F2A894B5C00FB3B68 /* CameraTokApp.swift in Sources */,
			);
			runOnlyForDeploymentPostprocessing = 0;
		};
		3426BD272A894B5E00FB3B68 /* Sources */ = {
			isa = PBXSourcesBuildPhase;
			buildActionMask = 2147483647;
			files = (
				3426BD302A894B5E00FB3B68 /* CameraTokTests.swift in Sources */,
			);
			runOnlyForDeploymentPostprocessing = 0;
		};
		3426BD312A894B5E00FB3B68 /* Sources */ = {
			isa = PBXSourcesBuildPhase;
			buildActionMask = 2147483647;
			files = (
				3426BD3A2A894B5E00FB3B68 /* CameraTokUITests.swift in Sources */,
			);
			runOnlyForDeploymentPostprocessing = 0;
		};
/* End PBXSourcesBuildPhase section */

/* Begin PBXTargetDependency section */
		3426BD2D2A894B5E00FB3B68 /* PBXTargetDependency */ = {
			isa = PBXTargetDependency;
			target = 3426BD1A2A894B5C00FB3B68 /* CameraTok */;
			targetProxy = 3426BD2C2A894B5E00FB3B68 /* PBXContainerItemProxy */;
		};
		3426BD372A894B5E00FB3B68 /* PBXTargetDependency */ = {
			isa = PBXTargetDependency;
			target = 3426BD1A2A894B5C00FB3B68 /* CameraTok */;
			targetProxy = 3426BD362A894B5E00FB3B68 /* PBXContainerItemProxy */;
		};
/* End PBXTargetDependency section */

/* Begin XCBuildConfiguration section */
		3426BD3D2A894B5E00FB3B68 /* Debug */ = {
			isa = XCBuildConfiguration;
			buildSettings = {
				ALWAYS_SEARCH_USER_PATHS = NO;
				CLANG_ANALYZER_NONNULL = YES;
				CLANG_ANALYZER_NUMBER_OBJECT_CONVERSION = YES_AGGRESSIVE;
				CLANG_CXX_LANGUAGE_STANDARD = "gnu++20";
				CLANG_ENABLE_MODULES = YES;
				CLANG_ENABLE_OBJC_ARC = YES;
				CLANG_ENABLE_OBJC_WEAK = YES;
				CLANG_WARN_BLOCK_CAPTURE_AUTORELEASING = YES;
				CLANG_WARN_BOOL_CONVERSION = YES;
				CLANG_WARN_COMMA = YES;
				CLANG_WARN_CONSTANT_CONVERSION = YES;
				CLANG_WARN_DEPRECATED_OBJC_IMPLEMENTATIONS = YES;
				CLANG_WARN_DIRECT_OBJC_ISA_USAGE = YES_ERROR;
				CLANG_WARN_DOCUMENTATION_COMMENTS = YES;
				CLANG_WARN_EMPTY_BODY = YES;
				CLANG_WARN_ENUM_CONVERSION = YES;
				CLANG_WARN_INFINITE_RECURSION = YES;
				CLANG_WARN_INT_CONVERSION = YES;
				CLANG_WARN_NON_LITERAL_NULL_CONVERSION = YES;
				CLANG_WARN_OBJC_IMPLICIT_RETAIN_SELF = YES;
				CLANG_WARN_OBJC_LITERAL_CONVERSION = YES;
				CLANG_WARN_OBJC_ROOT_CLASS = YES_ERROR;
				CLANG_WARN_QUOTED_INCLUDE_IN_FRAMEWORK_HEADER = YES;
				CLANG_WARN_RANGE_LOOP_ANALYSIS = YES;
				CLANG_WARN_STRICT_PROTOTYPES = YES;
				CLANG_WARN_SUSPICIOUS_MOVE = YES;
				CLANG_WARN_UNGUARDED_AVAILABILITY = YES_AGGRESSIVE;
				CLANG_WARN_UNREACHABLE_CODE = YES;
				CLANG_WARN__DUPLICATE_METHOD_MATCH = YES;
				COPY_PHASE_STRIP = NO;
				DEBUG_INFORMATION_FORMAT = dwarf;
				ENABLE_STRICT_OBJC_MSGSEND = YES;
				ENABLE_TESTABILITY = YES;
				GCC_C_LANGUAGE_STANDARD = gnu11;
				GCC_DYNAMIC_NO_PIC = NO;
				GCC_NO_COMMON_BLOCKS = YES;
				GCC_OPTIMIZATION_LEVEL = 0;
				GCC_PREPROCESSOR_DEFINITIONS = (
					"DEBUG=1",
					"$(inherited)",
				);
				GCC_WARN_64_TO_32_BIT_CONVERSION = YES;
				GCC_WARN_ABOUT_RETURN_TYPE = YES_ERROR;
				GCC_WARN_UNDECLARED_SELECTOR = YES;
				GCC_WARN_UNINITIALIZED_AUTOS = YES_AGGRESSIVE;
				GCC_WARN_UNUSED_FUNCTION = YES;
				GCC_WARN_UNUSED_VARIABLE = YES;
				IPHONEOS_DEPLOYMENT_TARGET = 16.1;
				MTL_ENABLE_DEBUG_INFO = INCLUDE_SOURCE;
				MTL_FAST_MATH = YES;
				ONLY_ACTIVE_ARCH = YES;
				SDKROOT = iphoneos;
				SWIFT_ACTIVE_COMPILATION_CONDITIONS = DEBUG;
				SWIFT_OPTIMIZATION_LEVEL = "-Onone";
			};
			name = Debug;
		};
		3426BD3E2A894B5E00FB3B68 /* Release */ = {
			isa = XCBuildConfiguration;
			buildSettings = {
				ALWAYS_SEARCH_USER_PATHS = NO;
				CLANG_ANALYZER_NONNULL = YES;
				CLANG_ANALYZER_NUMBER_OBJECT_CONVERSION = YES_AGGRESSIVE;
				CLANG_CXX_LANGUAGE_STANDARD = "gnu++20";
				CLANG_ENABLE_MODULES = YES;
				CLANG_ENABLE_OBJC_ARC = YES;
				CLANG_ENABLE_OBJC_WEAK = YES;
				CLANG_WARN_BLOCK_CAPTURE_AUTORELEASING = YES;
				CLANG_WARN_BOOL_CONVERSION = YES;
				CLANG_WARN_COMMA = YES;
				CLANG_WARN_CONSTANT_CONVERSION = YES;
				CLANG_WARN_DEPRECATED_OBJC_IMPLEMENTATIONS = YES;
				CLANG_WARN_DIRECT_OBJC_ISA_USAGE = YES_ERROR;
				CLANG_WARN_DOCUMENTATION_COMMENTS = YES;
				CLANG_WARN_EMPTY_BODY = YES;
				CLANG_WARN_ENUM_CONVERSION = YES;
				CLANG_WARN_INFINITE_RECURSION = YES;
				CLANG_WARN_INT_CONVERSION = YES;
				CLANG_WARN_NON_LITERAL_NULL_CONVERSION = YES;
				CLANG_WARN_OBJC_IMPLICIT_RETAIN_SELF = YES;
				CLANG_WARN_OBJC_LITERAL_CONVERSION = YES;
				CLANG_WARN_OBJC_ROOT_CLASS = YES_ERROR;
				CLANG_WARN_QUOTED_INCLUDE_IN_FRAMEWORK_HEADER = YES;
				CLANG_WARN_RANGE_LOOP_ANALYSIS = YES;
				CLANG_WARN_STRICT_PROTOTYPES = YES;
				CLANG_WARN_SUSPICIOUS_MOVE = YES;
				CLANG_WARN_UNGUARDED_AVAILABILITY = YES_AGGRESSIVE;
				CLANG_WARN_UNREACHABLE_CODE = YES;
				CLANG_WARN__DUPLICATE_METHOD_MATCH = YES;
				COPY_PHASE_STRIP = NO;
				DEBUG_INFORMATION_FORMAT = "dwarf-with-dsym";
				ENABLE_NS_ASSERTIONS = NO;
				ENABLE_STRICT_OBJC_MSGSEND = YES;
				GCC_C_LANGUAGE_STANDARD = gnu11;
				GCC_NO_COMMON_BLOCKS = YES;
				GCC_WARN_64_TO_32_BIT_CONVERSION = YES;
				GCC_WARN_ABOUT_RETURN_TYPE = YES_ERROR;
				GCC_WARN_UNDECLARED_SELECTOR = YES;
				GCC_WARN_UNINITIALIZED_AUTOS = YES_AGGRESSIVE;
				GCC_WARN_UNUSED_FUNCTION = YES;
				GCC_WARN_UNUSED_VARIABLE = YES;
				IPHONEOS_DEPLOYMENT_TARGET = 16.1;
				MTL_ENABLE_DEBUG_INFO = NO;
				MTL_FAST_MATH = YES;
				SDKROOT = iphoneos;
				SWIFT_COMPILATION_MODE = wholemodule;
				SWIFT_OPTIMIZATION_LEVEL = "-O";
				VALIDATE_PRODUCT = YES;
			};
			name = Release;
		};
		3426BD402A894B5E00FB3B68 /* Debug */ = {
			isa = XCBuildConfiguration;
			buildSettings = {
				ASSETCATALOG_COMPILER_APPICON_NAME = AppIcon;
				ASSETCATALOG_COMPILER_GLOBAL_ACCENT_COLOR_NAME = AccentColor;
				CODE_SIGN_STYLE = Automatic;
				CURRENT_PROJECT_VERSION = 1;
				DEVELOPMENT_ASSET_PATHS = "\"CameraTok/Preview Content\"";
				DEVELOPMENT_TEAM = KL5CTQ2N5S;
				ENABLE_PREVIEWS = YES;
				GENERATE_INFOPLIST_FILE = YES;
				INFOPLIST_KEY_CFBundleDisplayName = CameraTok;
				INFOPLIST_KEY_LSApplicationCategoryType = "public.app-category.entertainment";
				INFOPLIST_KEY_UIApplicationSceneManifest_Generation = YES;
				INFOPLIST_KEY_UIApplicationSupportsIndirectInputEvents = YES;
				INFOPLIST_KEY_UILaunchScreen_Generation = YES;
				INFOPLIST_KEY_UISupportedInterfaceOrientations_iPad = "UIInterfaceOrientationPortrait UIInterfaceOrientationPortraitUpsideDown UIInterfaceOrientationLandscapeLeft UIInterfaceOrientationLandscapeRight";
				INFOPLIST_KEY_UISupportedInterfaceOrientations_iPhone = "UIInterfaceOrientationPortrait UIInterfaceOrientationLandscapeLeft UIInterfaceOrientationLandscapeRight";
				IPHONEOS_DEPLOYMENT_TARGET = 15.0;
				LD_RUNPATH_SEARCH_PATHS = (
					"$(inherited)",
					"@executable_path/Frameworks",
				);
				MARKETING_VERSION = 1.0;
				PRODUCT_BUNDLE_IDENTIFIER = dev.andresrojas.CameraTok;
				PRODUCT_NAME = "$(TARGET_NAME)";
				SWIFT_EMIT_LOC_STRINGS = YES;
				SWIFT_VERSION = 5.0;
				TARGETED_DEVICE_FAMILY = "1,2";
			};
			name = Debug;
		};
		3426BD412A894B5E00FB3B68 /* Release */ = {
			isa = XCBuildConfiguration;
			buildSettings = {
				ASSETCATALOG_COMPILER_APPICON_NAME = AppIcon;
				ASSETCATALOG_COMPILER_GLOBAL_ACCENT_COLOR_NAME = AccentColor;
				CODE_SIGN_STYLE = Automatic;
				CURRENT_PROJECT_VERSION = 1;
				DEVELOPMENT_ASSET_PATHS = "\"CameraTok/Preview Content\"";
				DEVELOPMENT_TEAM = KL5CTQ2N5S;
				ENABLE_PREVIEWS = YES;
				GENERATE_INFOPLIST_FILE = YES;
				INFOPLIST_KEY_CFBundleDisplayName = CameraTok;
				INFOPLIST_KEY_LSApplicationCategoryType = "public.app-category.entertainment";
				INFOPLIST_KEY_UIApplicationSceneManifest_Generation = YES;
				INFOPLIST_KEY_UIApplicationSupportsIndirectInputEvents = YES;
				INFOPLIST_KEY_UILaunchScreen_Generation = YES;
				INFOPLIST_KEY_UISupportedInterfaceOrientations_iPad = "UIInterfaceOrientationPortrait UIInterfaceOrientationPortraitUpsideDown UIInterfaceOrientationLandscapeLeft UIInterfaceOrientationLandscapeRight";
				INFOPLIST_KEY_UISupportedInterfaceOrientations_iPhone = "UIInterfaceOrientationPortrait UIInterfaceOrientationLandscapeLeft UIInterfaceOrientationLandscapeRight";
				IPHONEOS_DEPLOYMENT_TARGET = 15.0;
				LD_RUNPATH_SEARCH_PATHS = (
					"$(inherited)",
					"@executable_path/Frameworks",
				);
				MARKETING_VERSION = 1.0;
				PRODUCT_BUNDLE_IDENTIFIER = dev.andresrojas.CameraTok;
				PRODUCT_NAME = "$(TARGET_NAME)";
				SWIFT_EMIT_LOC_STRINGS = YES;
				SWIFT_VERSION = 5.0;
				TARGETED_DEVICE_FAMILY = "1,2";
			};
			name = Release;
		};
		3426BD432A894B5E00FB3B68 /* Debug */ = {
			isa = XCBuildConfiguration;
			buildSettings = {
				ALWAYS_EMBED_SWIFT_STANDARD_LIBRARIES = YES;
				BUNDLE_LOADER = "$(TEST_HOST)";
				CODE_SIGN_STYLE = Automatic;
				CURRENT_PROJECT_VERSION = 1;
				DEVELOPMENT_TEAM = KL5CTQ2N5S;
				GENERATE_INFOPLIST_FILE = YES;
				IPHONEOS_DEPLOYMENT_TARGET = 16.1;
				MARKETING_VERSION = 1.0;
				PRODUCT_BUNDLE_IDENTIFIER = dev.andresrojas.CameraTokTests;
				PRODUCT_NAME = "$(TARGET_NAME)";
				SWIFT_EMIT_LOC_STRINGS = NO;
				SWIFT_VERSION = 5.0;
				TARGETED_DEVICE_FAMILY = "1,2";
				TEST_HOST = "$(BUILT_PRODUCTS_DIR)/CameraTok.app/$(BUNDLE_EXECUTABLE_FOLDER_PATH)/CameraTok";
			};
			name = Debug;
		};
		3426BD442A894B5E00FB3B68 /* Release */ = {
			isa = XCBuildConfiguration;
			buildSettings = {
				ALWAYS_EMBED_SWIFT_STANDARD_LIBRARIES = YES;
				BUNDLE_LOADER = "$(TEST_HOST)";
				CODE_SIGN_STYLE = Automatic;
				CURRENT_PROJECT_VERSION = 1;
				DEVELOPMENT_TEAM = KL5CTQ2N5S;
				GENERATE_INFOPLIST_FILE = YES;
				IPHONEOS_DEPLOYMENT_TARGET = 16.1;
				MARKETING_VERSION = 1.0;
				PRODUCT_BUNDLE_IDENTIFIER = dev.andresrojas.CameraTokTests;
				PRODUCT_NAME = "$(TARGET_NAME)";
				SWIFT_EMIT_LOC_STRINGS = NO;
				SWIFT_VERSION = 5.0;
				TARGETED_DEVICE_FAMILY = "1,2";
				TEST_HOST = "$(BUILT_PRODUCTS_DIR)/CameraTok.app/$(BUNDLE_EXECUTABLE_FOLDER_PATH)/CameraTok";
			};
			name = Release;
		};
		3426BD462A894B5E00FB3B68 /* Debug */ = {
			isa = XCBuildConfiguration;
			buildSettings = {
				ALWAYS_EMBED_SWIFT_STANDARD_LIBRARIES = YES;
				CODE_SIGN_STYLE = Automatic;
				CURRENT_PROJECT_VERSION = 1;
				DEVELOPMENT_TEAM = KL5CTQ2N5S;
				GENERATE_INFOPLIST_FILE = YES;
				MARKETING_VERSION = 1.0;
				PRODUCT_BUNDLE_IDENTIFIER = dev.andresrojas.CameraTokUITests;
				PRODUCT_NAME = "$(TARGET_NAME)";
				SWIFT_EMIT_LOC_STRINGS = NO;
				SWIFT_VERSION = 5.0;
				TARGETED_DEVICE_FAMILY = "1,2";
				TEST_TARGET_NAME = CameraTok;
			};
			name = Debug;
		};
		3426BD472A894B5E00FB3B68 /* Release */ = {
			isa = XCBuildConfiguration;
			buildSettings = {
				ALWAYS_EMBED_SWIFT_STANDARD_LIBRARIES = YES;
				CODE_SIGN_STYLE = Automatic;
				CURRENT_PROJECT_VERSION = 1;
				DEVELOPMENT_TEAM = KL5CTQ2N5S;
				GENERATE_INFOPLIST_FILE = YES;
				MARKETING_VERSION = 1.0;
				PRODUCT_BUNDLE_IDENTIFIER = dev.andresrojas.CameraTokUITests;
				PRODUCT_NAME = "$(TARGET_NAME)";
				SWIFT_EMIT_LOC_STRINGS = NO;
				SWIFT_VERSION = 5.0;
				TARGETED_DEVICE_FAMILY = "1,2";
				TEST_TARGET_NAME = CameraTok;
			};
			name = Release;
		};
/* End XCBuildConfiguration section */

/* Begin XCConfigurationList section */
		3426BD162A894B5C00FB3B68 /* Build configuration list for PBXProject "CameraTok" */ = {
			isa = XCConfigurationList;
			buildConfigurations = (
				3426BD3D2A894B5E00FB3B68 /* Debug */,
				3426BD3E2A894B5E00FB3B68 /* Release */,
			);
			defaultConfigurationIsVisible = 0;
			defaultConfigurationName = Release;
		};
		3426BD3F2A894B5E00FB3B68 /* Build configuration list for PBXNativeTarget "CameraTok" */ = {
			isa = XCConfigurationList;
			buildConfigurations = (
				3426BD402A894B5E00FB3B68 /* Debug */,
				3426BD412A894B5E00FB3B68 /* Release */,
			);
			defaultConfigurationIsVisible = 0;
			defaultConfigurationName = Release;
		};
		3426BD422A894B5E00FB3B68 /* Build configuration list for PBXNativeTarget "CameraTokTests" */ = {
			isa = XCConfigurationList;
			buildConfigurations = (
				3426BD432A894B5E00FB3B68 /* Debug */,
				3426BD442A894B5E00FB3B68 /* Release */,
			);
			defaultConfigurationIsVisible = 0;
			defaultConfigurationName = Release;
		};
		3426BD452A894B5E00FB3B68 /* Build configuration list for PBXNativeTarget "CameraTokUITests" */ = {
			isa = XCConfigurationList;
			buildConfigurations = (
				3426BD462A894B5E00FB3B68 /* Debug */,
				3426BD472A894B5E00FB3B68 /* Release */,
			);
			defaultConfigurationIsVisible = 0;
			defaultConfigurationName = Release;
		};
/* End XCConfigurationList section */
	};
	rootObject = 3426BD132A894B5C00FB3B68 /* Project object */;
}
