// !$*UTF8*$!
{
	archiveVersion = 1;
	classes = {
	};
	objectVersion = 56;
	objects = {

/* Begin PBXBuildFile section */
		3401C4CE2A8A6EC60014D7C5 /* GalleryViewModel.swift in Sources */ = {isa = PBXBuildFile; fileRef = 3401C4CD2A8A6EC60014D7C5 /* GalleryViewModel.swift */; };
		3401C4D02A8A8A570014D7C5 /* ThumbnailView.swift in Sources */ = {isa = PBXBuildFile; fileRef = 3401C4CF2A8A8A570014D7C5 /* ThumbnailView.swift */; };
		3401C4D32A8A9DA20014D7C5 /* SceneStatus.swift in Sources */ = {isa = PBXBuildFile; fileRef = 3401C4D22A8A9DA20014D7C5 /* SceneStatus.swift */; };
		3401C4D52A8A9DC90014D7C5 /* GalleryAuthorizationStatus.swift in Sources */ = {isa = PBXBuildFile; fileRef = 3401C4D42A8A9DC90014D7C5 /* GalleryAuthorizationStatus.swift */; };
		3401C4D72A8A9E9D0014D7C5 /* GalleryViewModelTests.swift in Sources */ = {isa = PBXBuildFile; fileRef = 3401C4D62A8A9E9D0014D7C5 /* GalleryViewModelTests.swift */; };
		340BE1802A896895005C0976 /* OnboardingView.swift in Sources */ = {isa = PBXBuildFile; fileRef = 340BE17F2A896895005C0976 /* OnboardingView.swift */; };
		340BE1842A8968CB005C0976 /* PersistenceService.swift in Sources */ = {isa = PBXBuildFile; fileRef = 340BE1832A8968CB005C0976 /* PersistenceService.swift */; };
		340BE18A2A896F70005C0976 /* CameraTokAppViewModel.swift in Sources */ = {isa = PBXBuildFile; fileRef = 340BE1892A896F70005C0976 /* CameraTokAppViewModel.swift */; };
		340BE18D2A8970D5005C0976 /* Dependencies in Frameworks */ = {isa = PBXBuildFile; productRef = 340BE18C2A8970D5005C0976 /* Dependencies */; };
		340BE18F2A89714A005C0976 /* PersistenceService+Dependencies.swift in Sources */ = {isa = PBXBuildFile; fileRef = 340BE18E2A89714A005C0976 /* PersistenceService+Dependencies.swift */; };
		3426BD1F2A894B5C00FB3B68 /* CameraTokApp.swift in Sources */ = {isa = PBXBuildFile; fileRef = 3426BD1E2A894B5C00FB3B68 /* CameraTokApp.swift */; };
		3426BD232A894B5E00FB3B68 /* Assets.xcassets in Resources */ = {isa = PBXBuildFile; fileRef = 3426BD222A894B5E00FB3B68 /* Assets.xcassets */; };
		3426BD262A894B5E00FB3B68 /* Preview Assets.xcassets in Resources */ = {isa = PBXBuildFile; fileRef = 3426BD252A894B5E00FB3B68 /* Preview Assets.xcassets */; };
		3426BD4B2A8956B000FB3B68 /* Lottie in Frameworks */ = {isa = PBXBuildFile; productRef = 3426BD4A2A8956B000FB3B68 /* Lottie */; };
		343D22C12A8AD93E00CAA663 /* VideoPlayerView.swift in Sources */ = {isa = PBXBuildFile; fileRef = 343D22C02A8AD93E00CAA663 /* VideoPlayerView.swift */; };
		343D22C62A8ADA6E00CAA663 /* VideoPlayerViewModel.swift in Sources */ = {isa = PBXBuildFile; fileRef = 343D22C52A8ADA6E00CAA663 /* VideoPlayerViewModel.swift */; };
		3441DD092A8AE36C009A33AE /* VideoFeedView.swift in Sources */ = {isa = PBXBuildFile; fileRef = 3441DD082A8AE36C009A33AE /* VideoFeedView.swift */; };
		3470C9242A897BEE00BD1478 /* CameraTokAppViewModelTests.swift in Sources */ = {isa = PBXBuildFile; fileRef = 340BE1902A897648005C0976 /* CameraTokAppViewModelTests.swift */; };
		3470C9282A89812600BD1478 /* ContentView.swift in Sources */ = {isa = PBXBuildFile; fileRef = 3470C9272A89812600BD1478 /* ContentView.swift */; };
		3470C92A2A89822900BD1478 /* GalleryView.swift in Sources */ = {isa = PBXBuildFile; fileRef = 3470C9292A89822900BD1478 /* GalleryView.swift */; };
		34B76EA32A8999F800AB4035 /* Localizable.strings in Resources */ = {isa = PBXBuildFile; fileRef = 34B76EA22A8999F800AB4035 /* Localizable.strings */; };
		34B76EB02A899C1900AB4035 /* Manrope-Bold.ttf in Resources */ = {isa = PBXBuildFile; fileRef = 34B76EAA2A899C1900AB4035 /* Manrope-Bold.ttf */; };
		34B76EB12A899C1900AB4035 /* Manrope-SemiBold.ttf in Resources */ = {isa = PBXBuildFile; fileRef = 34B76EAB2A899C1900AB4035 /* Manrope-SemiBold.ttf */; };
		34B76EB22A899C1900AB4035 /* AppFont.swift in Sources */ = {isa = PBXBuildFile; fileRef = 34B76EAC2A899C1900AB4035 /* AppFont.swift */; };
		34B76EB32A899C1900AB4035 /* Manrope-Light.ttf in Resources */ = {isa = PBXBuildFile; fileRef = 34B76EAD2A899C1900AB4035 /* Manrope-Light.ttf */; };
		34B76EB42A899C1900AB4035 /* Manrope-Medium.ttf in Resources */ = {isa = PBXBuildFile; fileRef = 34B76EAE2A899C1900AB4035 /* Manrope-Medium.ttf */; };
		34B76EB52A899C1900AB4035 /* Manrope-Regular.ttf in Resources */ = {isa = PBXBuildFile; fileRef = 34B76EAF2A899C1900AB4035 /* Manrope-Regular.ttf */; };
		34B76EB82A899C7900AB4035 /* camera_animation.json in Resources */ = {isa = PBXBuildFile; fileRef = 34B76EB72A899C7900AB4035 /* camera_animation.json */; };
		34B76EBA2A899C9300AB4035 /* IntroOboardingView.swift in Sources */ = {isa = PBXBuildFile; fileRef = 34B76EB92A899C9300AB4035 /* IntroOboardingView.swift */; };
		34B76EBC2A899CDF00AB4035 /* LottieView.swift in Sources */ = {isa = PBXBuildFile; fileRef = 34B76EBB2A899CDF00AB4035 /* LottieView.swift */; };
		34B76EBE2A899D7500AB4035 /* GalleryOnboardingView.swift in Sources */ = {isa = PBXBuildFile; fileRef = 34B76EBD2A899D7500AB4035 /* GalleryOnboardingView.swift */; };
		34B76EC02A899E1500AB4035 /* gallery_animation.json in Resources */ = {isa = PBXBuildFile; fileRef = 34B76EBF2A899E1500AB4035 /* gallery_animation.json */; };
		34B76EC22A899E2A00AB4035 /* Animations.swift in Sources */ = {isa = PBXBuildFile; fileRef = 34B76EC12A899E2A00AB4035 /* Animations.swift */; };
		34B76EC42A899EAC00AB4035 /* PrimaryButton.swift in Sources */ = {isa = PBXBuildFile; fileRef = 34B76EC32A899EAC00AB4035 /* PrimaryButton.swift */; };
		34B76EC92A89A65800AB4035 /* GalleryService.swift in Sources */ = {isa = PBXBuildFile; fileRef = 34B76EC82A89A65800AB4035 /* GalleryService.swift */; };
		34B76ECB2A89AC1200AB4035 /* GalleryService+Dependencies.swift in Sources */ = {isa = PBXBuildFile; fileRef = 34B76ECA2A89AC1200AB4035 /* GalleryService+Dependencies.swift */; };
		34F7766F2A8AE8A5004AEBCF /* VideoAsset.swift in Sources */ = {isa = PBXBuildFile; fileRef = 34F7766E2A8AE8A5004AEBCF /* VideoAsset.swift */; };
		34F776732A8AEC2B004AEBCF /* video_test.mov in Resources */ = {isa = PBXBuildFile; fileRef = 34F776722A8AEC2B004AEBCF /* video_test.mov */; };
/* End PBXBuildFile section */

/* Begin PBXContainerItemProxy section */
		3470C91F2A897BDC00BD1478 /* PBXContainerItemProxy */ = {
			isa = PBXContainerItemProxy;
			containerPortal = 3426BD132A894B5C00FB3B68 /* Project object */;
			proxyType = 1;
			remoteGlobalIDString = 3426BD1A2A894B5C00FB3B68;
			remoteInfo = CameraTok;
		};
/* End PBXContainerItemProxy section */

/* Begin PBXFileReference section */
		3401C4CD2A8A6EC60014D7C5 /* GalleryViewModel.swift */ = {isa = PBXFileReference; lastKnownFileType = sourcecode.swift; path = GalleryViewModel.swift; sourceTree = "<group>"; };
		3401C4CF2A8A8A570014D7C5 /* ThumbnailView.swift */ = {isa = PBXFileReference; lastKnownFileType = sourcecode.swift; path = ThumbnailView.swift; sourceTree = "<group>"; };
		3401C4D22A8A9DA20014D7C5 /* SceneStatus.swift */ = {isa = PBXFileReference; lastKnownFileType = sourcecode.swift; path = SceneStatus.swift; sourceTree = "<group>"; };
		3401C4D42A8A9DC90014D7C5 /* GalleryAuthorizationStatus.swift */ = {isa = PBXFileReference; lastKnownFileType = sourcecode.swift; path = GalleryAuthorizationStatus.swift; sourceTree = "<group>"; };
		3401C4D62A8A9E9D0014D7C5 /* GalleryViewModelTests.swift */ = {isa = PBXFileReference; lastKnownFileType = sourcecode.swift; path = GalleryViewModelTests.swift; sourceTree = "<group>"; };
		340BE17F2A896895005C0976 /* OnboardingView.swift */ = {isa = PBXFileReference; lastKnownFileType = sourcecode.swift; path = OnboardingView.swift; sourceTree = "<group>"; };
		340BE1832A8968CB005C0976 /* PersistenceService.swift */ = {isa = PBXFileReference; lastKnownFileType = sourcecode.swift; path = PersistenceService.swift; sourceTree = "<group>"; };
		340BE1892A896F70005C0976 /* CameraTokAppViewModel.swift */ = {isa = PBXFileReference; lastKnownFileType = sourcecode.swift; path = CameraTokAppViewModel.swift; sourceTree = "<group>"; };
		340BE18E2A89714A005C0976 /* PersistenceService+Dependencies.swift */ = {isa = PBXFileReference; lastKnownFileType = sourcecode.swift; path = "PersistenceService+Dependencies.swift"; sourceTree = "<group>"; };
		340BE1902A897648005C0976 /* CameraTokAppViewModelTests.swift */ = {isa = PBXFileReference; lastKnownFileType = sourcecode.swift; path = CameraTokAppViewModelTests.swift; sourceTree = "<group>"; };
		3426BD1B2A894B5C00FB3B68 /* CameraTok.app */ = {isa = PBXFileReference; explicitFileType = wrapper.application; includeInIndex = 0; path = CameraTok.app; sourceTree = BUILT_PRODUCTS_DIR; };
		3426BD1E2A894B5C00FB3B68 /* CameraTokApp.swift */ = {isa = PBXFileReference; lastKnownFileType = sourcecode.swift; path = CameraTokApp.swift; sourceTree = "<group>"; };
		3426BD222A894B5E00FB3B68 /* Assets.xcassets */ = {isa = PBXFileReference; lastKnownFileType = folder.assetcatalog; path = Assets.xcassets; sourceTree = "<group>"; };
		3426BD252A894B5E00FB3B68 /* Preview Assets.xcassets */ = {isa = PBXFileReference; lastKnownFileType = folder.assetcatalog; path = "Preview Assets.xcassets"; sourceTree = "<group>"; };
		343D22C02A8AD93E00CAA663 /* VideoPlayerView.swift */ = {isa = PBXFileReference; lastKnownFileType = sourcecode.swift; path = VideoPlayerView.swift; sourceTree = "<group>"; };
		343D22C52A8ADA6E00CAA663 /* VideoPlayerViewModel.swift */ = {isa = PBXFileReference; lastKnownFileType = sourcecode.swift; path = VideoPlayerViewModel.swift; sourceTree = "<group>"; };
		3441DD082A8AE36C009A33AE /* VideoFeedView.swift */ = {isa = PBXFileReference; lastKnownFileType = sourcecode.swift; path = VideoFeedView.swift; sourceTree = "<group>"; };
		3470C91B2A897BDC00BD1478 /* CameraTokTests.xctest */ = {isa = PBXFileReference; explicitFileType = wrapper.cfbundle; includeInIndex = 0; path = CameraTokTests.xctest; sourceTree = BUILT_PRODUCTS_DIR; };
		3470C9252A897C5700BD1478 /* CameraTok.xctestplan */ = {isa = PBXFileReference; lastKnownFileType = text; path = CameraTok.xctestplan; sourceTree = "<group>"; };
		3470C9272A89812600BD1478 /* ContentView.swift */ = {isa = PBXFileReference; lastKnownFileType = sourcecode.swift; path = ContentView.swift; sourceTree = "<group>"; };
		3470C9292A89822900BD1478 /* GalleryView.swift */ = {isa = PBXFileReference; lastKnownFileType = sourcecode.swift; path = GalleryView.swift; sourceTree = "<group>"; };
		34B76EA22A8999F800AB4035 /* Localizable.strings */ = {isa = PBXFileReference; lastKnownFileType = text.plist.strings; path = Localizable.strings; sourceTree = "<group>"; };
		34B76EA82A899B4D00AB4035 /* Info.plist */ = {isa = PBXFileReference; lastKnownFileType = text.plist; path = Info.plist; sourceTree = "<group>"; };
		34B76EAA2A899C1900AB4035 /* Manrope-Bold.ttf */ = {isa = PBXFileReference; lastKnownFileType = file; path = "Manrope-Bold.ttf"; sourceTree = "<group>"; };
		34B76EAB2A899C1900AB4035 /* Manrope-SemiBold.ttf */ = {isa = PBXFileReference; lastKnownFileType = file; path = "Manrope-SemiBold.ttf"; sourceTree = "<group>"; };
		34B76EAC2A899C1900AB4035 /* AppFont.swift */ = {isa = PBXFileReference; fileEncoding = 4; lastKnownFileType = sourcecode.swift; path = AppFont.swift; sourceTree = "<group>"; };
		34B76EAD2A899C1900AB4035 /* Manrope-Light.ttf */ = {isa = PBXFileReference; lastKnownFileType = file; path = "Manrope-Light.ttf"; sourceTree = "<group>"; };
		34B76EAE2A899C1900AB4035 /* Manrope-Medium.ttf */ = {isa = PBXFileReference; lastKnownFileType = file; path = "Manrope-Medium.ttf"; sourceTree = "<group>"; };
		34B76EAF2A899C1900AB4035 /* Manrope-Regular.ttf */ = {isa = PBXFileReference; lastKnownFileType = file; path = "Manrope-Regular.ttf"; sourceTree = "<group>"; };
		34B76EB72A899C7900AB4035 /* camera_animation.json */ = {isa = PBXFileReference; fileEncoding = 4; lastKnownFileType = text.json; path = camera_animation.json; sourceTree = "<group>"; };
		34B76EB92A899C9300AB4035 /* IntroOboardingView.swift */ = {isa = PBXFileReference; lastKnownFileType = sourcecode.swift; path = IntroOboardingView.swift; sourceTree = "<group>"; };
		34B76EBB2A899CDF00AB4035 /* LottieView.swift */ = {isa = PBXFileReference; lastKnownFileType = sourcecode.swift; path = LottieView.swift; sourceTree = "<group>"; };
		34B76EBD2A899D7500AB4035 /* GalleryOnboardingView.swift */ = {isa = PBXFileReference; lastKnownFileType = sourcecode.swift; path = GalleryOnboardingView.swift; sourceTree = "<group>"; };
		34B76EBF2A899E1500AB4035 /* gallery_animation.json */ = {isa = PBXFileReference; fileEncoding = 4; lastKnownFileType = text.json; path = gallery_animation.json; sourceTree = "<group>"; };
		34B76EC12A899E2A00AB4035 /* Animations.swift */ = {isa = PBXFileReference; lastKnownFileType = sourcecode.swift; path = Animations.swift; sourceTree = "<group>"; };
		34B76EC32A899EAC00AB4035 /* PrimaryButton.swift */ = {isa = PBXFileReference; lastKnownFileType = sourcecode.swift; path = PrimaryButton.swift; sourceTree = "<group>"; };
		34B76EC82A89A65800AB4035 /* GalleryService.swift */ = {isa = PBXFileReference; lastKnownFileType = sourcecode.swift; path = GalleryService.swift; sourceTree = "<group>"; };
		34B76ECA2A89AC1200AB4035 /* GalleryService+Dependencies.swift */ = {isa = PBXFileReference; lastKnownFileType = sourcecode.swift; path = "GalleryService+Dependencies.swift"; sourceTree = "<group>"; };
		34F7766E2A8AE8A5004AEBCF /* VideoAsset.swift */ = {isa = PBXFileReference; lastKnownFileType = sourcecode.swift; path = VideoAsset.swift; sourceTree = "<group>"; };
		34F776722A8AEC2B004AEBCF /* video_test.mov */ = {isa = PBXFileReference; lastKnownFileType = video.quicktime; path = video_test.mov; sourceTree = "<group>"; };
/* End PBXFileReference section */

/* Begin PBXFrameworksBuildPhase section */
		3426BD182A894B5C00FB3B68 /* Frameworks */ = {
			isa = PBXFrameworksBuildPhase;
			buildActionMask = 2147483647;
			files = (
				3426BD4B2A8956B000FB3B68 /* Lottie in Frameworks */,
				340BE18D2A8970D5005C0976 /* Dependencies in Frameworks */,
			);
			runOnlyForDeploymentPostprocessing = 0;
		};
		3470C9182A897BDC00BD1478 /* Frameworks */ = {
			isa = PBXFrameworksBuildPhase;
			buildActionMask = 2147483647;
			files = (
			);
			runOnlyForDeploymentPostprocessing = 0;
		};
/* End PBXFrameworksBuildPhase section */

/* Begin PBXGroup section */
		3401C4CA2A8A6E9F0014D7C5 /* Gallery */ = {
			isa = PBXGroup;
			children = (
				3401C4CC2A8A6EB90014D7C5 /* ViewModels */,
				3401C4CB2A8A6EB00014D7C5 /* Views */,
			);
			path = Gallery;
			sourceTree = "<group>";
		};
		3401C4CB2A8A6EB00014D7C5 /* Views */ = {
			isa = PBXGroup;
			children = (
				3470C9292A89822900BD1478 /* GalleryView.swift */,
				3401C4CF2A8A8A570014D7C5 /* ThumbnailView.swift */,
				343D22C02A8AD93E00CAA663 /* VideoPlayerView.swift */,
				3441DD082A8AE36C009A33AE /* VideoFeedView.swift */,
			);
			path = Views;
			sourceTree = "<group>";
		};
		3401C4CC2A8A6EB90014D7C5 /* ViewModels */ = {
			isa = PBXGroup;
			children = (
				3401C4CD2A8A6EC60014D7C5 /* GalleryViewModel.swift */,
				343D22C52A8ADA6E00CAA663 /* VideoPlayerViewModel.swift */,
			);
			path = ViewModels;
			sourceTree = "<group>";
		};
		3401C4D12A8A9D900014D7C5 /* Models */ = {
			isa = PBXGroup;
			children = (
				3401C4D42A8A9DC90014D7C5 /* GalleryAuthorizationStatus.swift */,
				3401C4D22A8A9DA20014D7C5 /* SceneStatus.swift */,
				34F7766E2A8AE8A5004AEBCF /* VideoAsset.swift */,
			);
			path = Models;
			sourceTree = "<group>";
		};
		340BE17D2A896714005C0976 /* Resources */ = {
			isa = PBXGroup;
			children = (
				34B76EB62A899C6800AB4035 /* Animations */,
				3426BD222A894B5E00FB3B68 /* Assets.xcassets */,
				34B76EA92A899BFE00AB4035 /* Fonts */,
				34B76EA22A8999F800AB4035 /* Localizable.strings */,
			);
			path = Resources;
			sourceTree = "<group>";
		};
		340BE17E2A896878005C0976 /* Scenes */ = {
			isa = PBXGroup;
			children = (
				3401C4CA2A8A6E9F0014D7C5 /* Gallery */,
				340BE1812A8968A2005C0976 /* Main */,
				34CFE7322A89605B0073803B /* Onboarding */,
			);
			path = Scenes;
			sourceTree = "<group>";
		};
		340BE1812A8968A2005C0976 /* Main */ = {
			isa = PBXGroup;
			children = (
				340BE1882A896F61005C0976 /* ViewModels */,
				340BE1872A896F5B005C0976 /* Views */,
			);
			path = Main;
			sourceTree = "<group>";
		};
		340BE1822A8968B8005C0976 /* Services */ = {
			isa = PBXGroup;
			children = (
				34B76EC72A89A64C00AB4035 /* Gallery */,
				34B76EC52A89A62700AB4035 /* Persistence */,
			);
			path = Services;
			sourceTree = "<group>";
		};
		340BE1872A896F5B005C0976 /* Views */ = {
			isa = PBXGroup;
			children = (
				3426BD1E2A894B5C00FB3B68 /* CameraTokApp.swift */,
			);
			path = Views;
			sourceTree = "<group>";
		};
		340BE1882A896F61005C0976 /* ViewModels */ = {
			isa = PBXGroup;
			children = (
				340BE1892A896F70005C0976 /* CameraTokAppViewModel.swift */,
			);
			path = ViewModels;
			sourceTree = "<group>";
		};
		3426BD122A894B5C00FB3B68 = {
			isa = PBXGroup;
			children = (
				3426BD1D2A894B5C00FB3B68 /* CameraTok */,
				3470C91C2A897BDC00BD1478 /* CameraTokTests */,
				3426BD1C2A894B5C00FB3B68 /* Products */,
			);
			sourceTree = "<group>";
		};
		3426BD1C2A894B5C00FB3B68 /* Products */ = {
			isa = PBXGroup;
			children = (
				3426BD1B2A894B5C00FB3B68 /* CameraTok.app */,
				3470C91B2A897BDC00BD1478 /* CameraTokTests.xctest */,
			);
			name = Products;
			sourceTree = "<group>";
		};
		3426BD1D2A894B5C00FB3B68 /* CameraTok */ = {
			isa = PBXGroup;
			children = (
				34B76EA82A899B4D00AB4035 /* Info.plist */,
				3401C4D12A8A9D900014D7C5 /* Models */,
				3426BD242A894B5E00FB3B68 /* Preview Content */,
				340BE17D2A896714005C0976 /* Resources */,
				340BE17E2A896878005C0976 /* Scenes */,
				340BE1822A8968B8005C0976 /* Services */,
				34CFE7332A8960660073803B /* Utils */,
				3470C9262A89811400BD1478 /* Views */,
			);
			path = CameraTok;
			sourceTree = "<group>";
		};
		3426BD242A894B5E00FB3B68 /* Preview Content */ = {
			isa = PBXGroup;
			children = (
				34F776722A8AEC2B004AEBCF /* video_test.mov */,
				3426BD252A894B5E00FB3B68 /* Preview Assets.xcassets */,
			);
			path = "Preview Content";
			sourceTree = "<group>";
		};
		3470C91C2A897BDC00BD1478 /* CameraTokTests */ = {
			isa = PBXGroup;
			children = (
				340BE1902A897648005C0976 /* CameraTokAppViewModelTests.swift */,
				3401C4D62A8A9E9D0014D7C5 /* GalleryViewModelTests.swift */,
			);
			path = CameraTokTests;
			sourceTree = "<group>";
		};
		3470C9262A89811400BD1478 /* Views */ = {
			isa = PBXGroup;
			children = (
				3470C9272A89812600BD1478 /* ContentView.swift */,
				34B76EBB2A899CDF00AB4035 /* LottieView.swift */,
				34B76EC32A899EAC00AB4035 /* PrimaryButton.swift */,
			);
			path = Views;
			sourceTree = "<group>";
		};
		34B76EA92A899BFE00AB4035 /* Fonts */ = {
			isa = PBXGroup;
			children = (
				34B76EAC2A899C1900AB4035 /* AppFont.swift */,
				34B76EAA2A899C1900AB4035 /* Manrope-Bold.ttf */,
				34B76EAD2A899C1900AB4035 /* Manrope-Light.ttf */,
				34B76EAE2A899C1900AB4035 /* Manrope-Medium.ttf */,
				34B76EAF2A899C1900AB4035 /* Manrope-Regular.ttf */,
				34B76EAB2A899C1900AB4035 /* Manrope-SemiBold.ttf */,
			);
			path = Fonts;
			sourceTree = "<group>";
		};
		34B76EB62A899C6800AB4035 /* Animations */ = {
			isa = PBXGroup;
			children = (
				34B76EB72A899C7900AB4035 /* camera_animation.json */,
				34B76EBF2A899E1500AB4035 /* gallery_animation.json */,
			);
			path = Animations;
			sourceTree = "<group>";
		};
		34B76EC52A89A62700AB4035 /* Persistence */ = {
			isa = PBXGroup;
			children = (
				340BE1832A8968CB005C0976 /* PersistenceService.swift */,
				340BE18E2A89714A005C0976 /* PersistenceService+Dependencies.swift */,
			);
			path = Persistence;
			sourceTree = "<group>";
		};
		34B76EC72A89A64C00AB4035 /* Gallery */ = {
			isa = PBXGroup;
			children = (
				34B76EC82A89A65800AB4035 /* GalleryService.swift */,
				34B76ECA2A89AC1200AB4035 /* GalleryService+Dependencies.swift */,
			);
			path = Gallery;
			sourceTree = "<group>";
		};
		34CFE7322A89605B0073803B /* Onboarding */ = {
			isa = PBXGroup;
			children = (
				34B76EBD2A899D7500AB4035 /* GalleryOnboardingView.swift */,
				34B76EB92A899C9300AB4035 /* IntroOboardingView.swift */,
				340BE17F2A896895005C0976 /* OnboardingView.swift */,
			);
			path = Onboarding;
			sourceTree = "<group>";
		};
		34CFE7332A8960660073803B /* Utils */ = {
			isa = PBXGroup;
			children = (
				34B76EC12A899E2A00AB4035 /* Animations.swift */,
				3470C9252A897C5700BD1478 /* CameraTok.xctestplan */,
			);
			path = Utils;
			sourceTree = "<group>";
		};
/* End PBXGroup section */

/* Begin PBXNativeTarget section */
		3426BD1A2A894B5C00FB3B68 /* CameraTok */ = {
			isa = PBXNativeTarget;
			buildConfigurationList = 3426BD3F2A894B5E00FB3B68 /* Build configuration list for PBXNativeTarget "CameraTok" */;
			buildPhases = (
				3426BD172A894B5C00FB3B68 /* Sources */,
				3426BD182A894B5C00FB3B68 /* Frameworks */,
				3426BD192A894B5C00FB3B68 /* Resources */,
			);
			buildRules = (
			);
			dependencies = (
			);
			name = CameraTok;
			packageProductDependencies = (
				3426BD4A2A8956B000FB3B68 /* Lottie */,
				340BE18C2A8970D5005C0976 /* Dependencies */,
			);
			productName = CameraTok;
			productReference = 3426BD1B2A894B5C00FB3B68 /* CameraTok.app */;
			productType = "com.apple.product-type.application";
		};
		3470C91A2A897BDC00BD1478 /* CameraTokTests */ = {
			isa = PBXNativeTarget;
			buildConfigurationList = 3470C9212A897BDC00BD1478 /* Build configuration list for PBXNativeTarget "CameraTokTests" */;
			buildPhases = (
				3470C9172A897BDC00BD1478 /* Sources */,
				3470C9182A897BDC00BD1478 /* Frameworks */,
				3470C9192A897BDC00BD1478 /* Resources */,
			);
			buildRules = (
			);
			dependencies = (
				3470C9202A897BDC00BD1478 /* PBXTargetDependency */,
			);
			name = CameraTokTests;
			productName = CameraTokTests;
			productReference = 3470C91B2A897BDC00BD1478 /* CameraTokTests.xctest */;
			productType = "com.apple.product-type.bundle.unit-test";
		};
/* End PBXNativeTarget section */

/* Begin PBXProject section */
		3426BD132A894B5C00FB3B68 /* Project object */ = {
			isa = PBXProject;
			attributes = {
				BuildIndependentTargetsInParallel = 1;
				LastSwiftUpdateCheck = 1430;
				LastUpgradeCheck = 1410;
				TargetAttributes = {
					3426BD1A2A894B5C00FB3B68 = {
						CreatedOnToolsVersion = 14.1;
					};
					3470C91A2A897BDC00BD1478 = {
						CreatedOnToolsVersion = 14.3.1;
						TestTargetID = 3426BD1A2A894B5C00FB3B68;
					};
				};
			};
			buildConfigurationList = 3426BD162A894B5C00FB3B68 /* Build configuration list for PBXProject "CameraTok" */;
			compatibilityVersion = "Xcode 14.0";
			developmentRegion = en;
			hasScannedForEncodings = 0;
			knownRegions = (
				en,
				Base,
			);
			mainGroup = 3426BD122A894B5C00FB3B68;
			packageReferences = (
				3426BD492A8956B000FB3B68 /* XCRemoteSwiftPackageReference "lottie-spm" */,
				340BE18B2A8970D5005C0976 /* XCRemoteSwiftPackageReference "swift-dependencies" */,
			);
			productRefGroup = 3426BD1C2A894B5C00FB3B68 /* Products */;
			projectDirPath = "";
			projectRoot = "";
			targets = (
				3426BD1A2A894B5C00FB3B68 /* CameraTok */,
				3470C91A2A897BDC00BD1478 /* CameraTokTests */,
			);
		};
/* End PBXProject section */

/* Begin PBXResourcesBuildPhase section */
		3426BD192A894B5C00FB3B68 /* Resources */ = {
			isa = PBXResourcesBuildPhase;
			buildActionMask = 2147483647;
			files = (
				34B76EB52A899C1900AB4035 /* Manrope-Regular.ttf in Resources */,
				34B76EB12A899C1900AB4035 /* Manrope-SemiBold.ttf in Resources */,
				34B76EB02A899C1900AB4035 /* Manrope-Bold.ttf in Resources */,
				3426BD262A894B5E00FB3B68 /* Preview Assets.xcassets in Resources */,
				34B76EB42A899C1900AB4035 /* Manrope-Medium.ttf in Resources */,
				34B76EC02A899E1500AB4035 /* gallery_animation.json in Resources */,
				34B76EB82A899C7900AB4035 /* camera_animation.json in Resources */,
				34F776732A8AEC2B004AEBCF /* video_test.mov in Resources */,
				34B76EA32A8999F800AB4035 /* Localizable.strings in Resources */,
				34B76EB32A899C1900AB4035 /* Manrope-Light.ttf in Resources */,
				3426BD232A894B5E00FB3B68 /* Assets.xcassets in Resources */,
			);
			runOnlyForDeploymentPostprocessing = 0;
		};
		3470C9192A897BDC00BD1478 /* Resources */ = {
			isa = PBXResourcesBuildPhase;
			buildActionMask = 2147483647;
			files = (
			);
			runOnlyForDeploymentPostprocessing = 0;
		};
/* End PBXResourcesBuildPhase section */

/* Begin PBXSourcesBuildPhase section */
		3426BD172A894B5C00FB3B68 /* Sources */ = {
			isa = PBXSourcesBuildPhase;
			buildActionMask = 2147483647;
			files = (
				343D22C62A8ADA6E00CAA663 /* VideoPlayerViewModel.swift in Sources */,
				3401C4D32A8A9DA20014D7C5 /* SceneStatus.swift in Sources */,
				34B76EB22A899C1900AB4035 /* AppFont.swift in Sources */,
				3470C92A2A89822900BD1478 /* GalleryView.swift in Sources */,
				34B76EC22A899E2A00AB4035 /* Animations.swift in Sources */,
				340BE18A2A896F70005C0976 /* CameraTokAppViewModel.swift in Sources */,
				34B76EBE2A899D7500AB4035 /* GalleryOnboardingView.swift in Sources */,
				34F7766F2A8AE8A5004AEBCF /* VideoAsset.swift in Sources */,
				34B76EC42A899EAC00AB4035 /* PrimaryButton.swift in Sources */,
				340BE1802A896895005C0976 /* OnboardingView.swift in Sources */,
				3470C9282A89812600BD1478 /* ContentView.swift in Sources */,
				3401C4D52A8A9DC90014D7C5 /* GalleryAuthorizationStatus.swift in Sources */,
				340BE1842A8968CB005C0976 /* PersistenceService.swift in Sources */,
				34B76EBA2A899C9300AB4035 /* IntroOboardingView.swift in Sources */,
				34B76EC92A89A65800AB4035 /* GalleryService.swift in Sources */,
				3401C4D02A8A8A570014D7C5 /* ThumbnailView.swift in Sources */,
				34B76ECB2A89AC1200AB4035 /* GalleryService+Dependencies.swift in Sources */,
				34B76EBC2A899CDF00AB4035 /* LottieView.swift in Sources */,
				3401C4CE2A8A6EC60014D7C5 /* GalleryViewModel.swift in Sources */,
				340BE18F2A89714A005C0976 /* PersistenceService+Dependencies.swift in Sources */,
				3441DD092A8AE36C009A33AE /* VideoFeedView.swift in Sources */,
				3426BD1F2A894B5C00FB3B68 /* CameraTokApp.swift in Sources */,
				343D22C12A8AD93E00CAA663 /* VideoPlayerView.swift in Sources */,
			);
			runOnlyForDeploymentPostprocessing = 0;
		};
		3470C9172A897BDC00BD1478 /* Sources */ = {
			isa = PBXSourcesBuildPhase;
			buildActionMask = 2147483647;
			files = (
				3470C9242A897BEE00BD1478 /* CameraTokAppViewModelTests.swift in Sources */,
				3401C4D72A8A9E9D0014D7C5 /* GalleryViewModelTests.swift in Sources */,
			);
			runOnlyForDeploymentPostprocessing = 0;
		};
/* End PBXSourcesBuildPhase section */

/* Begin PBXTargetDependency section */
		3470C9202A897BDC00BD1478 /* PBXTargetDependency */ = {
			isa = PBXTargetDependency;
			target = 3426BD1A2A894B5C00FB3B68 /* CameraTok */;
			targetProxy = 3470C91F2A897BDC00BD1478 /* PBXContainerItemProxy */;
		};
/* End PBXTargetDependency section */

/* Begin XCBuildConfiguration section */
		3426BD3D2A894B5E00FB3B68 /* Debug */ = {
			isa = XCBuildConfiguration;
			buildSettings = {
				ALWAYS_SEARCH_USER_PATHS = NO;
				CLANG_ANALYZER_NONNULL = YES;
				CLANG_ANALYZER_NUMBER_OBJECT_CONVERSION = YES_AGGRESSIVE;
				CLANG_CXX_LANGUAGE_STANDARD = "gnu++20";
				CLANG_ENABLE_MODULES = YES;
				CLANG_ENABLE_OBJC_ARC = YES;
				CLANG_ENABLE_OBJC_WEAK = YES;
				CLANG_WARN_BLOCK_CAPTURE_AUTORELEASING = YES;
				CLANG_WARN_BOOL_CONVERSION = YES;
				CLANG_WARN_COMMA = YES;
				CLANG_WARN_CONSTANT_CONVERSION = YES;
				CLANG_WARN_DEPRECATED_OBJC_IMPLEMENTATIONS = YES;
				CLANG_WARN_DIRECT_OBJC_ISA_USAGE = YES_ERROR;
				CLANG_WARN_DOCUMENTATION_COMMENTS = YES;
				CLANG_WARN_EMPTY_BODY = YES;
				CLANG_WARN_ENUM_CONVERSION = YES;
				CLANG_WARN_INFINITE_RECURSION = YES;
				CLANG_WARN_INT_CONVERSION = YES;
				CLANG_WARN_NON_LITERAL_NULL_CONVERSION = YES;
				CLANG_WARN_OBJC_IMPLICIT_RETAIN_SELF = YES;
				CLANG_WARN_OBJC_LITERAL_CONVERSION = YES;
				CLANG_WARN_OBJC_ROOT_CLASS = YES_ERROR;
				CLANG_WARN_QUOTED_INCLUDE_IN_FRAMEWORK_HEADER = YES;
				CLANG_WARN_RANGE_LOOP_ANALYSIS = YES;
				CLANG_WARN_STRICT_PROTOTYPES = YES;
				CLANG_WARN_SUSPICIOUS_MOVE = YES;
				CLANG_WARN_UNGUARDED_AVAILABILITY = YES_AGGRESSIVE;
				CLANG_WARN_UNREACHABLE_CODE = YES;
				CLANG_WARN__DUPLICATE_METHOD_MATCH = YES;
				COPY_PHASE_STRIP = NO;
				DEBUG_INFORMATION_FORMAT = dwarf;
				ENABLE_STRICT_OBJC_MSGSEND = YES;
				ENABLE_TESTABILITY = YES;
				GCC_C_LANGUAGE_STANDARD = gnu11;
				GCC_DYNAMIC_NO_PIC = NO;
				GCC_NO_COMMON_BLOCKS = YES;
				GCC_OPTIMIZATION_LEVEL = 0;
				GCC_PREPROCESSOR_DEFINITIONS = (
					"DEBUG=1",
					"$(inherited)",
				);
				GCC_WARN_64_TO_32_BIT_CONVERSION = YES;
				GCC_WARN_ABOUT_RETURN_TYPE = YES_ERROR;
				GCC_WARN_UNDECLARED_SELECTOR = YES;
				GCC_WARN_UNINITIALIZED_AUTOS = YES_AGGRESSIVE;
				GCC_WARN_UNUSED_FUNCTION = YES;
				GCC_WARN_UNUSED_VARIABLE = YES;
				MTL_ENABLE_DEBUG_INFO = INCLUDE_SOURCE;
				MTL_FAST_MATH = YES;
				ONLY_ACTIVE_ARCH = YES;
				SDKROOT = iphoneos;
				SWIFT_ACTIVE_COMPILATION_CONDITIONS = DEBUG;
				SWIFT_OPTIMIZATION_LEVEL = "-Onone";
			};
			name = Debug;
		};
		3426BD3E2A894B5E00FB3B68 /* Release */ = {
			isa = XCBuildConfiguration;
			buildSettings = {
				ALWAYS_SEARCH_USER_PATHS = NO;
				CLANG_ANALYZER_NONNULL = YES;
				CLANG_ANALYZER_NUMBER_OBJECT_CONVERSION = YES_AGGRESSIVE;
				CLANG_CXX_LANGUAGE_STANDARD = "gnu++20";
				CLANG_ENABLE_MODULES = YES;
				CLANG_ENABLE_OBJC_ARC = YES;
				CLANG_ENABLE_OBJC_WEAK = YES;
				CLANG_WARN_BLOCK_CAPTURE_AUTORELEASING = YES;
				CLANG_WARN_BOOL_CONVERSION = YES;
				CLANG_WARN_COMMA = YES;
				CLANG_WARN_CONSTANT_CONVERSION = YES;
				CLANG_WARN_DEPRECATED_OBJC_IMPLEMENTATIONS = YES;
				CLANG_WARN_DIRECT_OBJC_ISA_USAGE = YES_ERROR;
				CLANG_WARN_DOCUMENTATION_COMMENTS = YES;
				CLANG_WARN_EMPTY_BODY = YES;
				CLANG_WARN_ENUM_CONVERSION = YES;
				CLANG_WARN_INFINITE_RECURSION = YES;
				CLANG_WARN_INT_CONVERSION = YES;
				CLANG_WARN_NON_LITERAL_NULL_CONVERSION = YES;
				CLANG_WARN_OBJC_IMPLICIT_RETAIN_SELF = YES;
				CLANG_WARN_OBJC_LITERAL_CONVERSION = YES;
				CLANG_WARN_OBJC_ROOT_CLASS = YES_ERROR;
				CLANG_WARN_QUOTED_INCLUDE_IN_FRAMEWORK_HEADER = YES;
				CLANG_WARN_RANGE_LOOP_ANALYSIS = YES;
				CLANG_WARN_STRICT_PROTOTYPES = YES;
				CLANG_WARN_SUSPICIOUS_MOVE = YES;
				CLANG_WARN_UNGUARDED_AVAILABILITY = YES_AGGRESSIVE;
				CLANG_WARN_UNREACHABLE_CODE = YES;
				CLANG_WARN__DUPLICATE_METHOD_MATCH = YES;
				COPY_PHASE_STRIP = NO;
				DEBUG_INFORMATION_FORMAT = "dwarf-with-dsym";
				ENABLE_NS_ASSERTIONS = NO;
				ENABLE_STRICT_OBJC_MSGSEND = YES;
				GCC_C_LANGUAGE_STANDARD = gnu11;
				GCC_NO_COMMON_BLOCKS = YES;
				GCC_WARN_64_TO_32_BIT_CONVERSION = YES;
				GCC_WARN_ABOUT_RETURN_TYPE = YES_ERROR;
				GCC_WARN_UNDECLARED_SELECTOR = YES;
				GCC_WARN_UNINITIALIZED_AUTOS = YES_AGGRESSIVE;
				GCC_WARN_UNUSED_FUNCTION = YES;
				GCC_WARN_UNUSED_VARIABLE = YES;
				MTL_ENABLE_DEBUG_INFO = NO;
				MTL_FAST_MATH = YES;
				SDKROOT = iphoneos;
				SWIFT_COMPILATION_MODE = wholemodule;
				SWIFT_OPTIMIZATION_LEVEL = "-O";
				VALIDATE_PRODUCT = YES;
			};
			name = Release;
		};
		3426BD402A894B5E00FB3B68 /* Debug */ = {
			isa = XCBuildConfiguration;
			buildSettings = {
				ASSETCATALOG_COMPILER_APPICON_NAME = AppIcon;
				ASSETCATALOG_COMPILER_GLOBAL_ACCENT_COLOR_NAME = AccentColor;
				CODE_SIGN_STYLE = Automatic;
				CURRENT_PROJECT_VERSION = 1;
				DEVELOPMENT_ASSET_PATHS = "\"CameraTok/Preview Content\"";
				DEVELOPMENT_TEAM = KL5CTQ2N5S;
				ENABLE_PREVIEWS = YES;
				GENERATE_INFOPLIST_FILE = YES;
				INFOPLIST_FILE = CameraTok/Info.plist;
				INFOPLIST_KEY_CFBundleDisplayName = CameraTok;
				INFOPLIST_KEY_LSApplicationCategoryType = "public.app-category.entertainment";
				INFOPLIST_KEY_UIApplicationSceneManifest_Generation = YES;
				INFOPLIST_KEY_UIApplicationSupportsIndirectInputEvents = YES;
				INFOPLIST_KEY_UILaunchScreen_Generation = YES;
				INFOPLIST_KEY_UISupportedInterfaceOrientations = UIInterfaceOrientationPortrait;
				INFOPLIST_KEY_UISupportedInterfaceOrientations_iPad = "UIInterfaceOrientationLandscapeLeft UIInterfaceOrientationLandscapeRight UIInterfaceOrientationPortrait UIInterfaceOrientationPortraitUpsideDown";
				IPHONEOS_DEPLOYMENT_TARGET = 16.0;
				LD_RUNPATH_SEARCH_PATHS = (
					"$(inherited)",
					"@executable_path/Frameworks",
				);
				MARKETING_VERSION = 1.0;
				PRODUCT_BUNDLE_IDENTIFIER = dev.andresrojas.CameraTok;
				PRODUCT_NAME = "$(TARGET_NAME)";
				SWIFT_EMIT_LOC_STRINGS = YES;
				SWIFT_VERSION = 5.0;
				TARGETED_DEVICE_FAMILY = "1,2";
			};
			name = Debug;
		};
		3426BD412A894B5E00FB3B68 /* Release */ = {
			isa = XCBuildConfiguration;
			buildSettings = {
				ASSETCATALOG_COMPILER_APPICON_NAME = AppIcon;
				ASSETCATALOG_COMPILER_GLOBAL_ACCENT_COLOR_NAME = AccentColor;
				CODE_SIGN_STYLE = Automatic;
				CURRENT_PROJECT_VERSION = 1;
				DEVELOPMENT_ASSET_PATHS = "\"CameraTok/Preview Content\"";
				DEVELOPMENT_TEAM = KL5CTQ2N5S;
				ENABLE_PREVIEWS = YES;
				GENERATE_INFOPLIST_FILE = YES;
				INFOPLIST_FILE = CameraTok/Info.plist;
				INFOPLIST_KEY_CFBundleDisplayName = CameraTok;
				INFOPLIST_KEY_LSApplicationCategoryType = "public.app-category.entertainment";
				INFOPLIST_KEY_UIApplicationSceneManifest_Generation = YES;
				INFOPLIST_KEY_UIApplicationSupportsIndirectInputEvents = YES;
				INFOPLIST_KEY_UILaunchScreen_Generation = YES;
				INFOPLIST_KEY_UISupportedInterfaceOrientations = UIInterfaceOrientationPortrait;
				INFOPLIST_KEY_UISupportedInterfaceOrientations_iPad = "UIInterfaceOrientationLandscapeLeft UIInterfaceOrientationLandscapeRight UIInterfaceOrientationPortrait UIInterfaceOrientationPortraitUpsideDown";
				IPHONEOS_DEPLOYMENT_TARGET = 16.0;
				LD_RUNPATH_SEARCH_PATHS = (
					"$(inherited)",
					"@executable_path/Frameworks",
				);
				MARKETING_VERSION = 1.0;
				PRODUCT_BUNDLE_IDENTIFIER = dev.andresrojas.CameraTok;
				PRODUCT_NAME = "$(TARGET_NAME)";
				SWIFT_EMIT_LOC_STRINGS = YES;
				SWIFT_VERSION = 5.0;
				TARGETED_DEVICE_FAMILY = "1,2";
			};
			name = Release;
		};
		3470C9222A897BDC00BD1478 /* Debug */ = {
			isa = XCBuildConfiguration;
			buildSettings = {
				BUNDLE_LOADER = "$(TEST_HOST)";
				CODE_SIGN_STYLE = Automatic;
				CURRENT_PROJECT_VERSION = 1;
				DEVELOPMENT_TEAM = KL5CTQ2N5S;
				GENERATE_INFOPLIST_FILE = YES;
				IPHONEOS_DEPLOYMENT_TARGET = 16.0;
				MARKETING_VERSION = 1.0;
				PRODUCT_BUNDLE_IDENTIFIER = dev.andresrojas.CameraTokTests;
				PRODUCT_NAME = "$(TARGET_NAME)";
				SUPPORTED_PLATFORMS = "iphoneos iphonesimulator";
				SUPPORTS_MACCATALYST = NO;
				SUPPORTS_MAC_DESIGNED_FOR_IPHONE_IPAD = NO;
				SWIFT_EMIT_LOC_STRINGS = NO;
				SWIFT_VERSION = 5.0;
				TARGETED_DEVICE_FAMILY = "1,2";
				TEST_HOST = "$(BUILT_PRODUCTS_DIR)/CameraTok.app/$(BUNDLE_EXECUTABLE_FOLDER_PATH)/CameraTok";
			};
			name = Debug;
		};
		3470C9232A897BDC00BD1478 /* Release */ = {
			isa = XCBuildConfiguration;
			buildSettings = {
				BUNDLE_LOADER = "$(TEST_HOST)";
				CODE_SIGN_STYLE = Automatic;
				CURRENT_PROJECT_VERSION = 1;
				DEVELOPMENT_TEAM = KL5CTQ2N5S;
				GENERATE_INFOPLIST_FILE = YES;
				IPHONEOS_DEPLOYMENT_TARGET = 16.0;
				MARKETING_VERSION = 1.0;
				PRODUCT_BUNDLE_IDENTIFIER = dev.andresrojas.CameraTokTests;
				PRODUCT_NAME = "$(TARGET_NAME)";
				SUPPORTED_PLATFORMS = "iphoneos iphonesimulator";
				SUPPORTS_MACCATALYST = NO;
				SUPPORTS_MAC_DESIGNED_FOR_IPHONE_IPAD = NO;
				SWIFT_EMIT_LOC_STRINGS = NO;
				SWIFT_VERSION = 5.0;
				TARGETED_DEVICE_FAMILY = "1,2";
				TEST_HOST = "$(BUILT_PRODUCTS_DIR)/CameraTok.app/$(BUNDLE_EXECUTABLE_FOLDER_PATH)/CameraTok";
			};
			name = Release;
		};
/* End XCBuildConfiguration section */

/* Begin XCConfigurationList section */
		3426BD162A894B5C00FB3B68 /* Build configuration list for PBXProject "CameraTok" */ = {
			isa = XCConfigurationList;
			buildConfigurations = (
				3426BD3D2A894B5E00FB3B68 /* Debug */,
				3426BD3E2A894B5E00FB3B68 /* Release */,
			);
			defaultConfigurationIsVisible = 0;
			defaultConfigurationName = Release;
		};
		3426BD3F2A894B5E00FB3B68 /* Build configuration list for PBXNativeTarget "CameraTok" */ = {
			isa = XCConfigurationList;
			buildConfigurations = (
				3426BD402A894B5E00FB3B68 /* Debug */,
				3426BD412A894B5E00FB3B68 /* Release */,
			);
			defaultConfigurationIsVisible = 0;
			defaultConfigurationName = Release;
		};
		3470C9212A897BDC00BD1478 /* Build configuration list for PBXNativeTarget "CameraTokTests" */ = {
			isa = XCConfigurationList;
			buildConfigurations = (
				3470C9222A897BDC00BD1478 /* Debug */,
				3470C9232A897BDC00BD1478 /* Release */,
			);
			defaultConfigurationIsVisible = 0;
			defaultConfigurationName = Release;
		};
/* End XCConfigurationList section */

/* Begin XCRemoteSwiftPackageReference section */
		340BE18B2A8970D5005C0976 /* XCRemoteSwiftPackageReference "swift-dependencies" */ = {
			isa = XCRemoteSwiftPackageReference;
			repositoryURL = "git@github.com:pointfreeco/swift-dependencies.git";
			requirement = {
				kind = upToNextMajorVersion;
				minimumVersion = 1.0.0;
			};
		};
		3426BD492A8956B000FB3B68 /* XCRemoteSwiftPackageReference "lottie-spm" */ = {
			isa = XCRemoteSwiftPackageReference;
			repositoryURL = "https://github.com/airbnb/lottie-spm.git";
			requirement = {
				kind = upToNextMajorVersion;
				minimumVersion = 4.0.0;
			};
		};
/* End XCRemoteSwiftPackageReference section */

/* Begin XCSwiftPackageProductDependency section */
		340BE18C2A8970D5005C0976 /* Dependencies */ = {
			isa = XCSwiftPackageProductDependency;
			package = 340BE18B2A8970D5005C0976 /* XCRemoteSwiftPackageReference "swift-dependencies" */;
			productName = Dependencies;
		};
		3426BD4A2A8956B000FB3B68 /* Lottie */ = {
			isa = XCSwiftPackageProductDependency;
			package = 3426BD492A8956B000FB3B68 /* XCRemoteSwiftPackageReference "lottie-spm" */;
			productName = Lottie;
		};
/* End XCSwiftPackageProductDependency section */
	};
	rootObject = 3426BD132A894B5C00FB3B68 /* Project object */;
}
